// !$*UTF8*$!
{
	archiveVersion = 1;
	classes = {
	};
	objectVersion = 50;
	objects = {

/* Begin PBXBuildFile section */
		752E3E7F259433C40047E69D /* LandmarksApp.swift in Sources */ = {isa = PBXBuildFile; fileRef = 752E3E7E259433C40047E69D /* LandmarksApp.swift */; };
		752E3E81259433C40047E69D /* ContentView.swift in Sources */ = {isa = PBXBuildFile; fileRef = 752E3E80259433C40047E69D /* ContentView.swift */; };
		752E3E83259433C50047E69D /* Assets.xcassets in Resources */ = {isa = PBXBuildFile; fileRef = 752E3E82259433C50047E69D /* Assets.xcassets */; };
		752E3E86259433C50047E69D /* Preview Assets.xcassets in Resources */ = {isa = PBXBuildFile; fileRef = 752E3E85259433C50047E69D /* Preview Assets.xcassets */; };
		752E3E8F2594386A0047E69D /* CircleImage.swift in Sources */ = {isa = PBXBuildFile; fileRef = 752E3E8E2594386A0047E69D /* CircleImage.swift */; };
		752E3E92259439060047E69D /* MapView.swift in Sources */ = {isa = PBXBuildFile; fileRef = 752E3E91259439060047E69D /* MapView.swift */; };
		754AAEF525948752000A51A1 /* FavoriteButton.swift in Sources */ = {isa = PBXBuildFile; fileRef = 754AAEF425948752000A51A1 /* FavoriteButton.swift */; };
		754AAEFE25948A2C000A51A1 /* HexagonParameters.swift in Sources */ = {isa = PBXBuildFile; fileRef = 754AAEFD25948A2C000A51A1 /* HexagonParameters.swift */; };
		754AAF0225948AD3000A51A1 /* BadgeBackground.swift in Sources */ = {isa = PBXBuildFile; fileRef = 754AAF0125948AD3000A51A1 /* BadgeBackground.swift */; };
		755FA28D25948D6100321D2F /* BadgeSymbol.swift in Sources */ = {isa = PBXBuildFile; fileRef = 755FA28C25948D6000321D2F /* BadgeSymbol.swift */; };
		755FA29025948DBF00321D2F /* RotatedBadgeSymbol.swift in Sources */ = {isa = PBXBuildFile; fileRef = 755FA28F25948DBF00321D2F /* RotatedBadgeSymbol.swift */; };
		75AEEC902594732F00A29FDC /* Landmark.swift in Sources */ = {isa = PBXBuildFile; fileRef = 75AEEC8F2594732F00A29FDC /* Landmark.swift */; };
		75AEEC932594743A00A29FDC /* ModelData.swift in Sources */ = {isa = PBXBuildFile; fileRef = 75AEEC922594743A00A29FDC /* ModelData.swift */; };
		75AEECA12594767500A29FDC /* landmarkData.json in Resources */ = {isa = PBXBuildFile; fileRef = 75AEEC9B2594755300A29FDC /* landmarkData.json */; };
		75C9AA6B2594777700481151 /* LandmarkRow.swift in Sources */ = {isa = PBXBuildFile; fileRef = 75C9AA6A2594777700481151 /* LandmarkRow.swift */; };
		75C9AA6E2594788100481151 /* LandmarkList.swift in Sources */ = {isa = PBXBuildFile; fileRef = 75C9AA6D2594788100481151 /* LandmarkList.swift */; };
		75C9AA712594796200481151 /* LandmarkDetail.swift in Sources */ = {isa = PBXBuildFile; fileRef = 75C9AA702594796200481151 /* LandmarkDetail.swift */; };
/* End PBXBuildFile section */

/* Begin PBXFileReference section */
		752E3E7B259433C40047E69D /* Landmarks.app */ = {isa = PBXFileReference; explicitFileType = wrapper.application; includeInIndex = 0; path = Landmarks.app; sourceTree = BUILT_PRODUCTS_DIR; };
		752E3E7E259433C40047E69D /* LandmarksApp.swift */ = {isa = PBXFileReference; lastKnownFileType = sourcecode.swift; path = LandmarksApp.swift; sourceTree = "<group>"; };
		752E3E80259433C40047E69D /* ContentView.swift */ = {isa = PBXFileReference; lastKnownFileType = sourcecode.swift; path = ContentView.swift; sourceTree = "<group>"; };
		752E3E82259433C50047E69D /* Assets.xcassets */ = {isa = PBXFileReference; lastKnownFileType = folder.assetcatalog; path = Assets.xcassets; sourceTree = "<group>"; };
		752E3E85259433C50047E69D /* Preview Assets.xcassets */ = {isa = PBXFileReference; lastKnownFileType = folder.assetcatalog; path = "Preview Assets.xcassets"; sourceTree = "<group>"; };
		752E3E87259433C50047E69D /* Info.plist */ = {isa = PBXFileReference; lastKnownFileType = text.plist.xml; path = Info.plist; sourceTree = "<group>"; };
		752E3E8E2594386A0047E69D /* CircleImage.swift */ = {isa = PBXFileReference; lastKnownFileType = sourcecode.swift; path = CircleImage.swift; sourceTree = "<group>"; };
		752E3E91259439060047E69D /* MapView.swift */ = {isa = PBXFileReference; lastKnownFileType = sourcecode.swift; path = MapView.swift; sourceTree = "<group>"; };
		754AAEF425948752000A51A1 /* FavoriteButton.swift */ = {isa = PBXFileReference; lastKnownFileType = sourcecode.swift; path = FavoriteButton.swift; sourceTree = "<group>"; };
		754AAEFD25948A2C000A51A1 /* HexagonParameters.swift */ = {isa = PBXFileReference; lastKnownFileType = sourcecode.swift; path = HexagonParameters.swift; sourceTree = "<group>"; };
		754AAF0125948AD3000A51A1 /* BadgeBackground.swift */ = {isa = PBXFileReference; lastKnownFileType = sourcecode.swift; path = BadgeBackground.swift; sourceTree = "<group>"; };
		755FA28C25948D6000321D2F /* BadgeSymbol.swift */ = {isa = PBXFileReference; lastKnownFileType = sourcecode.swift; path = BadgeSymbol.swift; sourceTree = "<group>"; };
		755FA28F25948DBF00321D2F /* RotatedBadgeSymbol.swift */ = {isa = PBXFileReference; lastKnownFileType = sourcecode.swift; path = RotatedBadgeSymbol.swift; sourceTree = "<group>"; };
		75AEEC8F2594732F00A29FDC /* Landmark.swift */ = {isa = PBXFileReference; lastKnownFileType = sourcecode.swift; path = Landmark.swift; sourceTree = "<group>"; };
		75AEEC922594743A00A29FDC /* ModelData.swift */ = {isa = PBXFileReference; lastKnownFileType = sourcecode.swift; path = ModelData.swift; sourceTree = "<group>"; };
		75AEEC9B2594755300A29FDC /* landmarkData.json */ = {isa = PBXFileReference; lastKnownFileType = text.json; path = landmarkData.json; sourceTree = "<group>"; };
		75C9AA6A2594777700481151 /* LandmarkRow.swift */ = {isa = PBXFileReference; lastKnownFileType = sourcecode.swift; path = LandmarkRow.swift; sourceTree = "<group>"; };
		75C9AA6D2594788100481151 /* LandmarkList.swift */ = {isa = PBXFileReference; lastKnownFileType = sourcecode.swift; path = LandmarkList.swift; sourceTree = "<group>"; };
		75C9AA702594796200481151 /* LandmarkDetail.swift */ = {isa = PBXFileReference; lastKnownFileType = sourcecode.swift; path = LandmarkDetail.swift; sourceTree = "<group>"; };
/* End PBXFileReference section */

/* Begin PBXFrameworksBuildPhase section */
		752E3E78259433C40047E69D /* Frameworks */ = {
			isa = PBXFrameworksBuildPhase;
			buildActionMask = 2147483647;
			files = (
			);
			runOnlyForDeploymentPostprocessing = 0;
		};
/* End PBXFrameworksBuildPhase section */

/* Begin PBXGroup section */
		752E3E72259433C40047E69D = {
			isa = PBXGroup;
			children = (
				752E3E7D259433C40047E69D /* Landmarks */,
				752E3E7C259433C40047E69D /* Products */,
			);
			sourceTree = "<group>";
		};
		752E3E7C259433C40047E69D /* Products */ = {
			isa = PBXGroup;
			children = (
				752E3E7B259433C40047E69D /* Landmarks.app */,
			);
			name = Products;
			sourceTree = "<group>";
		};
		752E3E7D259433C40047E69D /* Landmarks */ = {
			isa = PBXGroup;
			children = (
				752E3E87259433C50047E69D /* Info.plist */,
				752E3E7E259433C40047E69D /* LandmarksApp.swift */,
				752E3E82259433C50047E69D /* Assets.xcassets */,
				75AEEC982594754B00A29FDC /* Model */,
				752E3E84259433C50047E69D /* Preview Content */,
				75AEEC9A2594755300A29FDC /* Resources */,
				75AEEC962594754200A29FDC /* Views */,
			);
			path = Landmarks;
			sourceTree = "<group>";
		};
		752E3E84259433C50047E69D /* Preview Content */ = {
			isa = PBXGroup;
			children = (
				752E3E85259433C50047E69D /* Preview Assets.xcassets */,
			);
			path = "Preview Content";
			sourceTree = "<group>";
		};
		754AAEF7259487E2000A51A1 /* Landmarks */ = {
			isa = PBXGroup;
			children = (
				75C9AA702594796200481151 /* LandmarkDetail.swift */,
				75C9AA6D2594788100481151 /* LandmarkList.swift */,
				75C9AA6A2594777700481151 /* LandmarkRow.swift */,
			);
			path = Landmarks;
			sourceTree = "<group>";
		};
		754AAEF9259487E9000A51A1 /* Helpers */ = {
			isa = PBXGroup;
			children = (
				752E3E8E2594386A0047E69D /* CircleImage.swift */,
				754AAEF425948752000A51A1 /* FavoriteButton.swift */,
				752E3E91259439060047E69D /* MapView.swift */,
			);
			path = Helpers;
			sourceTree = "<group>";
		};
		75AEEC962594754200A29FDC /* Views */ = {
			isa = PBXGroup;
			children = (
				752E3E80259433C40047E69D /* ContentView.swift */,
				754AAEF9259487E9000A51A1 /* Helpers */,
				754AAEF7259487E2000A51A1 /* Landmarks */,
				754AAEFD25948A2C000A51A1 /* HexagonParameters.swift */,
				754AAF0125948AD3000A51A1 /* BadgeBackground.swift */,
				755FA28C25948D6000321D2F /* BadgeSymbol.swift */,
				755FA28F25948DBF00321D2F /* RotatedBadgeSymbol.swift */,
			);
			path = Views;
			sourceTree = "<group>";
		};
		75AEEC982594754B00A29FDC /* Model */ = {
			isa = PBXGroup;
			children = (
				75AEEC8F2594732F00A29FDC /* Landmark.swift */,
				75AEEC922594743A00A29FDC /* ModelData.swift */,
			);
			path = Model;
			sourceTree = "<group>";
		};
		75AEEC9A2594755300A29FDC /* Resources */ = {
			isa = PBXGroup;
			children = (
				75AEEC9B2594755300A29FDC /* landmarkData.json */,
			);
			path = Resources;
			sourceTree = "<group>";
		};
/* End PBXGroup section */

/* Begin PBXNativeTarget section */
		752E3E7A259433C40047E69D /* Landmarks */ = {
			isa = PBXNativeTarget;
			buildConfigurationList = 752E3E8A259433C50047E69D /* Build configuration list for PBXNativeTarget "Landmarks" */;
			buildPhases = (
				752E3E77259433C40047E69D /* Sources */,
				752E3E78259433C40047E69D /* Frameworks */,
				752E3E79259433C40047E69D /* Resources */,
			);
			buildRules = (
			);
			dependencies = (
			);
			name = Landmarks;
			productName = Landmarks;
			productReference = 752E3E7B259433C40047E69D /* Landmarks.app */;
			productType = "com.apple.product-type.application";
		};
/* End PBXNativeTarget section */

/* Begin PBXProject section */
		752E3E73259433C40047E69D /* Project object */ = {
			isa = PBXProject;
			attributes = {
				LastSwiftUpdateCheck = 1230;
				LastUpgradeCheck = 1230;
				TargetAttributes = {
					752E3E7A259433C40047E69D = {
						CreatedOnToolsVersion = 12.3;
					};
				};
			};
			buildConfigurationList = 752E3E76259433C40047E69D /* Build configuration list for PBXProject "Landmarks" */;
			compatibilityVersion = "Xcode 9.3";
			developmentRegion = en;
			hasScannedForEncodings = 0;
			knownRegions = (
				en,
				Base,
			);
			mainGroup = 752E3E72259433C40047E69D;
			productRefGroup = 752E3E7C259433C40047E69D /* Products */;
			projectDirPath = "";
			projectRoot = "";
			targets = (
				752E3E7A259433C40047E69D /* Landmarks */,
			);
		};
/* End PBXProject section */

/* Begin PBXResourcesBuildPhase section */
		752E3E79259433C40047E69D /* Resources */ = {
			isa = PBXResourcesBuildPhase;
			buildActionMask = 2147483647;
			files = (
				75AEECA12594767500A29FDC /* landmarkData.json in Resources */,
				752E3E86259433C50047E69D /* Preview Assets.xcassets in Resources */,
				752E3E83259433C50047E69D /* Assets.xcassets in Resources */,
			);
			runOnlyForDeploymentPostprocessing = 0;
		};
/* End PBXResourcesBuildPhase section */

/* Begin PBXSourcesBuildPhase section */
		752E3E77259433C40047E69D /* Sources */ = {
			isa = PBXSourcesBuildPhase;
			buildActionMask = 2147483647;
			files = (
				752E3E81259433C40047E69D /* ContentView.swift in Sources */,
				752E3E92259439060047E69D /* MapView.swift in Sources */,
				752E3E7F259433C40047E69D /* LandmarksApp.swift in Sources */,
				754AAEF525948752000A51A1 /* FavoriteButton.swift in Sources */,
				754AAEFE25948A2C000A51A1 /* HexagonParameters.swift in Sources */,
				755FA29025948DBF00321D2F /* RotatedBadgeSymbol.swift in Sources */,
				755FA28D25948D6100321D2F /* BadgeSymbol.swift in Sources */,
				75C9AA6E2594788100481151 /* LandmarkList.swift in Sources */,
				75C9AA712594796200481151 /* LandmarkDetail.swift in Sources */,
				754AAF0225948AD3000A51A1 /* BadgeBackground.swift in Sources */,
				752E3E8F2594386A0047E69D /* CircleImage.swift in Sources */,
				75AEEC902594732F00A29FDC /* Landmark.swift in Sources */,
				75C9AA6B2594777700481151 /* LandmarkRow.swift in Sources */,
				75AEEC932594743A00A29FDC /* ModelData.swift in Sources */,
			);
			runOnlyForDeploymentPostprocessing = 0;
		};
/* End PBXSourcesBuildPhase section */

/* Begin XCBuildConfiguration section */
		752E3E88259433C50047E69D /* Debug */ = {
			isa = XCBuildConfiguration;
			buildSettings = {
				ALWAYS_SEARCH_USER_PATHS = NO;
				CLANG_ANALYZER_NONNULL = YES;
				CLANG_ANALYZER_NUMBER_OBJECT_CONVERSION = YES_AGGRESSIVE;
				CLANG_CXX_LANGUAGE_STANDARD = "gnu++14";
				CLANG_CXX_LIBRARY = "libc++";
				CLANG_ENABLE_MODULES = YES;
				CLANG_ENABLE_OBJC_ARC = YES;
				CLANG_ENABLE_OBJC_WEAK = YES;
				CLANG_WARN_BLOCK_CAPTURE_AUTORELEASING = YES;
				CLANG_WARN_BOOL_CONVERSION = YES;
				CLANG_WARN_COMMA = YES;
				CLANG_WARN_CONSTANT_CONVERSION = YES;
				CLANG_WARN_DEPRECATED_OBJC_IMPLEMENTATIONS = YES;
				CLANG_WARN_DIRECT_OBJC_ISA_USAGE = YES_ERROR;
				CLANG_WARN_DOCUMENTATION_COMMENTS = YES;
				CLANG_WARN_EMPTY_BODY = YES;
				CLANG_WARN_ENUM_CONVERSION = YES;
				CLANG_WARN_INFINITE_RECURSION = YES;
				CLANG_WARN_INT_CONVERSION = YES;
				CLANG_WARN_NON_LITERAL_NULL_CONVERSION = YES;
				CLANG_WARN_OBJC_IMPLICIT_RETAIN_SELF = YES;
				CLANG_WARN_OBJC_LITERAL_CONVERSION = YES;
				CLANG_WARN_OBJC_ROOT_CLASS = YES_ERROR;
				CLANG_WARN_QUOTED_INCLUDE_IN_FRAMEWORK_HEADER = YES;
				CLANG_WARN_RANGE_LOOP_ANALYSIS = YES;
				CLANG_WARN_STRICT_PROTOTYPES = YES;
				CLANG_WARN_SUSPICIOUS_MOVE = YES;
				CLANG_WARN_UNGUARDED_AVAILABILITY = YES_AGGRESSIVE;
				CLANG_WARN_UNREACHABLE_CODE = YES;
				CLANG_WARN__DUPLICATE_METHOD_MATCH = YES;
				COPY_PHASE_STRIP = NO;
				DEBUG_INFORMATION_FORMAT = dwarf;
				ENABLE_STRICT_OBJC_MSGSEND = YES;
				ENABLE_TESTABILITY = YES;
				GCC_C_LANGUAGE_STANDARD = gnu11;
				GCC_DYNAMIC_NO_PIC = NO;
				GCC_NO_COMMON_BLOCKS = YES;
				GCC_OPTIMIZATION_LEVEL = 0;
				GCC_PREPROCESSOR_DEFINITIONS = (
					"DEBUG=1",
					"$(inherited)",
				);
				GCC_WARN_64_TO_32_BIT_CONVERSION = YES;
				GCC_WARN_ABOUT_RETURN_TYPE = YES_ERROR;
				GCC_WARN_UNDECLARED_SELECTOR = YES;
				GCC_WARN_UNINITIALIZED_AUTOS = YES_AGGRESSIVE;
				GCC_WARN_UNUSED_FUNCTION = YES;
				GCC_WARN_UNUSED_VARIABLE = YES;
				IPHONEOS_DEPLOYMENT_TARGET = 14.3;
				MTL_ENABLE_DEBUG_INFO = INCLUDE_SOURCE;
				MTL_FAST_MATH = YES;
				ONLY_ACTIVE_ARCH = YES;
				SDKROOT = iphoneos;
				SWIFT_ACTIVE_COMPILATION_CONDITIONS = DEBUG;
				SWIFT_OPTIMIZATION_LEVEL = "-Onone";
			};
			name = Debug;
		};
		752E3E89259433C50047E69D /* Release */ = {
			isa = XCBuildConfiguration;
			buildSettings = {
				ALWAYS_SEARCH_USER_PATHS = NO;
				CLANG_ANALYZER_NONNULL = YES;
				CLANG_ANALYZER_NUMBER_OBJECT_CONVERSION = YES_AGGRESSIVE;
				CLANG_CXX_LANGUAGE_STANDARD = "gnu++14";
				CLANG_CXX_LIBRARY = "libc++";
				CLANG_ENABLE_MODULES = YES;
				CLANG_ENABLE_OBJC_ARC = YES;
				CLANG_ENABLE_OBJC_WEAK = YES;
				CLANG_WARN_BLOCK_CAPTURE_AUTORELEASING = YES;
				CLANG_WARN_BOOL_CONVERSION = YES;
				CLANG_WARN_COMMA = YES;
				CLANG_WARN_CONSTANT_CONVERSION = YES;
				CLANG_WARN_DEPRECATED_OBJC_IMPLEMENTATIONS = YES;
				CLANG_WARN_DIRECT_OBJC_ISA_USAGE = YES_ERROR;
				CLANG_WARN_DOCUMENTATION_COMMENTS = YES;
				CLANG_WARN_EMPTY_BODY = YES;
				CLANG_WARN_ENUM_CONVERSION = YES;
				CLANG_WARN_INFINITE_RECURSION = YES;
				CLANG_WARN_INT_CONVERSION = YES;
				CLANG_WARN_NON_LITERAL_NULL_CONVERSION = YES;
				CLANG_WARN_OBJC_IMPLICIT_RETAIN_SELF = YES;
				CLANG_WARN_OBJC_LITERAL_CONVERSION = YES;
				CLANG_WARN_OBJC_ROOT_CLASS = YES_ERROR;
				CLANG_WARN_QUOTED_INCLUDE_IN_FRAMEWORK_HEADER = YES;
				CLANG_WARN_RANGE_LOOP_ANALYSIS = YES;
				CLANG_WARN_STRICT_PROTOTYPES = YES;
				CLANG_WARN_SUSPICIOUS_MOVE = YES;
				CLANG_WARN_UNGUARDED_AVAILABILITY = YES_AGGRESSIVE;
				CLANG_WARN_UNREACHABLE_CODE = YES;
				CLANG_WARN__DUPLICATE_METHOD_MATCH = YES;
				COPY_PHASE_STRIP = NO;
				DEBUG_INFORMATION_FORMAT = "dwarf-with-dsym";
				ENABLE_NS_ASSERTIONS = NO;
				ENABLE_STRICT_OBJC_MSGSEND = YES;
				GCC_C_LANGUAGE_STANDARD = gnu11;
				GCC_NO_COMMON_BLOCKS = YES;
				GCC_WARN_64_TO_32_BIT_CONVERSION = YES;
				GCC_WARN_ABOUT_RETURN_TYPE = YES_ERROR;
				GCC_WARN_UNDECLARED_SELECTOR = YES;
				GCC_WARN_UNINITIALIZED_AUTOS = YES_AGGRESSIVE;
				GCC_WARN_UNUSED_FUNCTION = YES;
				GCC_WARN_UNUSED_VARIABLE = YES;
				IPHONEOS_DEPLOYMENT_TARGET = 14.3;
				MTL_ENABLE_DEBUG_INFO = NO;
				MTL_FAST_MATH = YES;
				SDKROOT = iphoneos;
				SWIFT_COMPILATION_MODE = wholemodule;
				SWIFT_OPTIMIZATION_LEVEL = "-O";
				VALIDATE_PRODUCT = YES;
			};
			name = Release;
		};
		752E3E8B259433C50047E69D /* Debug */ = {
			isa = XCBuildConfiguration;
			buildSettings = {
				ASSETCATALOG_COMPILER_APPICON_NAME = AppIcon;
				ASSETCATALOG_COMPILER_GLOBAL_ACCENT_COLOR_NAME = AccentColor;
				CODE_SIGN_STYLE = Automatic;
				DEVELOPMENT_ASSET_PATHS = "\"Landmarks/Preview Content\"";
				ENABLE_PREVIEWS = YES;
				INFOPLIST_FILE = Landmarks/Info.plist;
				IPHONEOS_DEPLOYMENT_TARGET = 14.0;
				LD_RUNPATH_SEARCH_PATHS = (
					"$(inherited)",
					"@executable_path/Frameworks",
				);
				PRODUCT_BUNDLE_IDENTIFIER = com.ryokosuge.Landmarks;
				PRODUCT_NAME = "$(TARGET_NAME)";
				SWIFT_VERSION = 5.0;
				TARGETED_DEVICE_FAMILY = "1,2";
			};
			name = Debug;
		};
		752E3E8C259433C50047E69D /* Release */ = {
			isa = XCBuildConfiguration;
			buildSettings = {
				ASSETCATALOG_COMPILER_APPICON_NAME = AppIcon;
				ASSETCATALOG_COMPILER_GLOBAL_ACCENT_COLOR_NAME = AccentColor;
				CODE_SIGN_STYLE = Automatic;
				DEVELOPMENT_ASSET_PATHS = "\"Landmarks/Preview Content\"";
				ENABLE_PREVIEWS = YES;
				INFOPLIST_FILE = Landmarks/Info.plist;
				IPHONEOS_DEPLOYMENT_TARGET = 14.0;
				LD_RUNPATH_SEARCH_PATHS = (
					"$(inherited)",
					"@executable_path/Frameworks",
				);
				PRODUCT_BUNDLE_IDENTIFIER = com.ryokosuge.Landmarks;
				PRODUCT_NAME = "$(TARGET_NAME)";
				SWIFT_VERSION = 5.0;
				TARGETED_DEVICE_FAMILY = "1,2";
			};
			name = Release;
		};
/* End XCBuildConfiguration section */

/* Begin XCConfigurationList section */
		752E3E76259433C40047E69D /* Build configuration list for PBXProject "Landmarks" */ = {
			isa = XCConfigurationList;
			buildConfigurations = (
				752E3E88259433C50047E69D /* Debug */,
				752E3E89259433C50047E69D /* Release */,
			);
			defaultConfigurationIsVisible = 0;
			defaultConfigurationName = Release;
		};
		752E3E8A259433C50047E69D /* Build configuration list for PBXNativeTarget "Landmarks" */ = {
			isa = XCConfigurationList;
			buildConfigurations = (
				752E3E8B259433C50047E69D /* Debug */,
				752E3E8C259433C50047E69D /* Release */,
			);
			defaultConfigurationIsVisible = 0;
			defaultConfigurationName = Release;
		};
/* End XCConfigurationList section */
	};
	rootObject = 752E3E73259433C40047E69D /* Project object */;
}
